# This file is automatically @generated by Cargo.
# It is not intended for manual editing.
version = 4

[[package]]
name = "async-lock"
version = "3.4.2"
source = "registry+https://github.com/rust-lang/crates.io-index"
checksum = "290f7f2596bd5b78a9fec8088ccd89180d7f9f55b94b0576823bbbdc72ee8311"
dependencies = [
 "event-listener",
 "event-listener-strategy",
 "pin-project-lite",
]

[[package]]
name = "async-trait"
version = "0.1.89"
source = "registry+https://github.com/rust-lang/crates.io-index"
checksum = "9035ad2d096bed7955a320ee7e2230574d28fd3c3a0f186cbea1ff3c7eed5dbb"
dependencies = [
 "proc-macro2",
 "quote",
 "syn",
]

[[package]]
name = "bitflags"
version = "1.3.2"
source = "registry+https://github.com/rust-lang/crates.io-index"
checksum = "bef38d45163c2f1dde094a7dfd33ccf595c92905c8f8f4fdc18d06fb1037718a"

[[package]]
name = "bitflags"
version = "2.11.1"
source = "registry+https://github.com/rust-lang/crates.io-index"
checksum = "c4512299f36f043ab09a583e57bceb5a5aab7a73db1805848e8fef3c9e8c78b3"

[[package]]
name = "byteorder"
version = "1.5.0"
source = "registry+https://github.com/rust-lang/crates.io-index"
checksum = "1fd0f2584146f6f2ef48085050886acf353beff7305ebd1ae69500e27c67f64b"

[[package]]
name = "cfg-if"
version = "1.0.4"
source = "registry+https://github.com/rust-lang/crates.io-index"
checksum = "9330f8b2ff13f34540b44e946ef35111825727b38d33286ef986142615121801"

[[package]]
name = "concurrent-queue"
version = "2.5.0"
source = "registry+https://github.com/rust-lang/crates.io-index"
checksum = "4ca0197aee26d1ae37445ee532fefce43251d24cc7c166799f4d46817f1d3973"
dependencies = [
 "crossbeam-utils",
]

[[package]]
name = "crc"
version = "3.4.0"
source = "registry+https://github.com/rust-lang/crates.io-index"
checksum = "5eb8a2a1cd12ab0d987a5d5e825195d372001a4094a0376319d5a0ad71c1ba0d"
dependencies = [
 "crc-catalog",
]

[[package]]
name = "crc-catalog"
version = "2.4.0"
source = "registry+https://github.com/rust-lang/crates.io-index"
checksum = "19d374276b40fb8bbdee95aef7c7fa6b5316ec764510eb64b8dd0e2ed0d7e7f5"

[[package]]
name = "critical-section"
version = "1.2.0"
source = "registry+https://github.com/rust-lang/crates.io-index"
checksum = "790eea4361631c5e7d22598ecd5723ff611904e3344ce8720784c93e3d83d40b"

[[package]]
name = "crossbeam-utils"
version = "0.8.21"
source = "registry+https://github.com/rust-lang/crates.io-index"
checksum = "d0a5c400df2834b80a4c3327b3aad3a4c4cd4de0629063962b03235697506a28"

[[package]]
name = "defmt"
version = "0.3.100"
source = "registry+https://github.com/rust-lang/crates.io-index"
checksum = "f0963443817029b2024136fc4dd07a5107eb8f977eaf18fcd1fdeb11306b64ad"
dependencies = [
 "defmt 1.1.0",
]

[[package]]
name = "defmt"
version = "1.1.0"
source = "registry+https://github.com/rust-lang/crates.io-index"
checksum = "a6e524506490a1953d237cb87b1cfc1e46f88c18f10a22dfe0f507dc6bfc7f7f"
dependencies = [
 "bitflags 1.3.2",
 "defmt-macros",
]

[[package]]
name = "defmt-macros"
version = "1.1.0"
source = "registry+https://github.com/rust-lang/crates.io-index"
checksum = "f0a27770e9c8f719a79d8b638281f4d828f77d8fd61e0bd94451b9b85e576a0b"
dependencies = [
 "defmt-parser",
 "proc-macro-error2",
 "proc-macro2",
 "quote",
 "syn",
]

[[package]]
name = "defmt-parser"
version = "1.0.0"
source = "registry+https://github.com/rust-lang/crates.io-index"
checksum = "10d60334b3b2e7c9d91ef8150abfb6fa4c1c39ebbcf4a81c2e346aad939fee3e"
dependencies = [
 "thiserror",
]

[[package]]
name = "embedded-hal"
version = "1.0.0"
source = "registry+https://github.com/rust-lang/crates.io-index"
checksum = "361a90feb7004eca4019fb28352a9465666b24f840f5c3cddf0ff13920590b89"

[[package]]
name = "embedded-io"
version = "0.6.1"
source = "registry+https://github.com/rust-lang/crates.io-index"
checksum = "edd0f118536f44f5ccd48bcb8b111bdc3de888b58c74639dfb034a357d0f206d"

[[package]]
name = "enumn"
version = "0.1.14"
source = "registry+https://github.com/rust-lang/crates.io-index"
checksum = "2f9ed6b3789237c8a0c1c505af1c7eb2c560df6186f01b098c3a1064ea532f38"
dependencies = [
 "proc-macro2",
 "quote",
 "syn",
]

[[package]]
name = "event-listener"
version = "5.4.1"
source = "registry+https://github.com/rust-lang/crates.io-index"
checksum = "e13b66accf52311f30a0db42147dadea9850cb48cd070028831ae5f5d4b856ab"
dependencies = [
 "concurrent-queue",
 "pin-project-lite",
]

[[package]]
name = "event-listener-strategy"
version = "0.5.4"
source = "registry+https://github.com/rust-lang/crates.io-index"
checksum = "8be9f3dfaaffdae2972880079a491a1a8bb7cbed0b8dd7a347f668b4150a3b93"
dependencies = [
 "event-listener",
 "pin-project-lite",
]

[[package]]
name = "ext4plus"
version = "0.1.0-rc.2"
source = "registry+https://github.com/rust-lang/crates.io-index"
checksum = "6c83a722564b63b6ed4265a3bff5888bc50ce66c2f7eccb33e716d384a884144"
dependencies = [
 "async-lock",
 "async-trait",
 "bitflags 2.11.1",
 "crc",
 "maybe-async",
 "spin 0.10.0",
]

[[package]]
name = "fdt"
version = "0.1.5"
source = "registry+https://github.com/rust-lang/crates.io-index"
checksum = "784a4df722dc6267a04af36895398f59d21d07dce47232adf31ec0ff2fa45e67"

[[package]]
name = "hash32"
version = "0.3.1"
source = "registry+https://github.com/rust-lang/crates.io-index"
checksum = "47d60b12902ba28e2730cd37e95b8c9223af2808df9e902d4df49588d1470606"
dependencies = [
 "byteorder",
]

[[package]]
name = "heapless"
version = "0.8.0"
source = "registry+https://github.com/rust-lang/crates.io-index"
checksum = "0bfb9eb618601c89945a70e254898da93b13be0388091d42117462b265bb3fad"
dependencies = [
 "hash32",
 "stable_deref_trait",
]

[[package]]
name = "ipc-futex"
version = "0.1.0"
dependencies = [
 "wateros-ipc-futex-api-v0",
 "wateros-ipc-futex-impl-dummy",
 "wateros-ipc-futex-impl-task",
]

[[package]]
name = "ipc-pipe"
version = "0.1.0"
dependencies = [
 "wateros-ipc-pipe-api-v0",
 "wateros-ipc-pipe-impl-ringbuf",
]

[[package]]
name = "ipc-shm"
version = "0.1.0"
dependencies = [
 "spin 0.10.0",
 "wateros-mm-api-v0",
 "wateros-mm-frame-alloctor",
]

[[package]]
name = "ipc-signal"
version = "0.1.0"
dependencies = [
 "spin 0.10.0",
 "wateros-ipc-signal-api-v0",
 "wateros-ipc-signal-impl-dummy",
]

[[package]]
name = "ipc-waitqueue"
version = "0.1.0"
dependencies = [
 "wateros-ipc-waitqueue-api-v0",
 "wateros-ipc-waitqueue-impl-task",
]

[[package]]
name = "linked_list_allocator"
version = "0.10.6"
source = "registry+https://github.com/rust-lang/crates.io-index"
checksum = "2b23ac50abb8261cb38c6e2a7192d3302e0836dac1628f6a93b82b4fad185897"
dependencies = [
 "spinning_top",
]

[[package]]
name = "lock_api"
version = "0.4.14"
source = "registry+https://github.com/rust-lang/crates.io-index"
checksum = "224399e74b87b5f3557511d98dff8b14089b3dadafcab6bb93eab67d3aace965"
dependencies = [
 "scopeguard",
]

[[package]]
name = "log"
version = "0.4.29"
source = "registry+https://github.com/rust-lang/crates.io-index"
checksum = "5e5032e24019045c762d3c0f28f5b6b8bbf38563a65908389bf7978758920897"

[[package]]
name = "managed"
version = "0.8.0"
source = "registry+https://github.com/rust-lang/crates.io-index"
checksum = "0ca88d725a0a943b096803bd34e73a4437208b6077654cc4ecb2947a5f91618d"

[[package]]
name = "maybe-async"
version = "0.2.11"
source = "registry+https://github.com/rust-lang/crates.io-index"
checksum = "746873a384ad60adc5db74471dfaba74bd278afbdcfd81db93fafcdfc8b5ca0c"
dependencies = [
 "proc-macro2",
 "quote",
 "syn",
]

[[package]]
name = "paste"
version = "1.0.15"
source = "registry+https://github.com/rust-lang/crates.io-index"
checksum = "57c0d7b74b563b49d38dae00a0c37d4d6de9b432382b2892f0574ddcae73fd0a"

[[package]]
name = "pin-project-lite"
version = "0.2.17"
source = "registry+https://github.com/rust-lang/crates.io-index"
checksum = "a89322df9ebe1c1578d689c92318e070967d1042b512afbe49518723f4e6d5cd"

[[package]]
name = "proc-macro-error-attr2"
version = "2.0.0"
source = "registry+https://github.com/rust-lang/crates.io-index"
checksum = "96de42df36bb9bba5542fe9f1a054b8cc87e172759a1868aa05c1f3acc89dfc5"
dependencies = [
 "proc-macro2",
 "quote",
]

[[package]]
name = "proc-macro-error2"
version = "2.0.1"
source = "registry+https://github.com/rust-lang/crates.io-index"
checksum = "11ec05c52be0a07b08061f7dd003e7d7092e0472bc731b4af7bb1ef876109802"
dependencies = [
 "proc-macro-error-attr2",
 "proc-macro2",
 "quote",
 "syn",
]

[[package]]
name = "proc-macro2"
version = "1.0.106"
source = "registry+https://github.com/rust-lang/crates.io-index"
checksum = "8fd00f0bb2e90d81d1044c2b32617f68fcb9fa3bb7640c23e9c748e53fb30934"
dependencies = [
 "unicode-ident",
]

[[package]]
name = "quote"
version = "1.0.45"
source = "registry+https://github.com/rust-lang/crates.io-index"
checksum = "41f2619966050689382d2b44f664f4bc593e129785a36d6ee376ddf37259b924"
dependencies = [
 "proc-macro2",
]

[[package]]
name = "riscv"
version = "0.16.0"
source = "registry+https://github.com/rust-lang/crates.io-index"
checksum = "9251433e48c39d2133cbaff3ae7809ce6a1ecbc8225ca7da33d96d10cf360582"
dependencies = [
 "critical-section",
 "embedded-hal",
 "paste",
 "riscv-macros",
 "riscv-types",
]

[[package]]
name = "riscv-macros"
version = "0.4.0"
source = "registry+https://github.com/rust-lang/crates.io-index"
checksum = "d47d1fb716349455b8e5e3ebbf1eff95344dbdf9f782a4e1359d2f16f51e3dce"
dependencies = [
 "proc-macro2",
 "quote",
 "syn",
]

[[package]]
name = "riscv-types"
version = "0.1.0"
source = "registry+https://github.com/rust-lang/crates.io-index"
checksum = "d3f2ad9f15a07f4a0e1677124f9120ce7e83ab7e1ca7186af0ca9da529b62e80"

[[package]]
name = "safe-mmio"
version = "0.2.7"
source = "registry+https://github.com/rust-lang/crates.io-index"
checksum = "a0a69f884a1511aa811aa94e04559414a66b18ca63f50f84ca31e304f38bad0d"
dependencies = [
 "zerocopy",
]

[[package]]
name = "sbi-rt"
version = "0.0.3"
source = "registry+https://github.com/rust-lang/crates.io-index"
checksum = "7fbaa69be1eedc61c426e6d489b2260482e928b465360576900d52d496a58bd0"
dependencies = [
 "sbi-spec",
]

[[package]]
name = "sbi-spec"
version = "0.0.7"
source = "registry+https://github.com/rust-lang/crates.io-index"
checksum = "e6e36312fb5ddc10d08ecdc65187402baba4ac34585cb9d1b78522ae2358d890"

[[package]]
name = "scopeguard"
version = "1.2.0"
source = "registry+https://github.com/rust-lang/crates.io-index"
checksum = "94143f37725109f92c262ed2cf5e59bce7498c01bcc1502d7b9afe439a4e9f49"

[[package]]
name = "smoltcp"
version = "0.12.0"
source = "registry+https://github.com/rust-lang/crates.io-index"
checksum = "dad095989c1533c1c266d9b1e8d70a1329dd3723c3edac6d03bbd67e7bf6f4bb"
dependencies = [
 "bitflags 1.3.2",
 "byteorder",
 "cfg-if",
 "defmt 0.3.100",
 "heapless",
 "log",
 "managed",
]

[[package]]
name = "spin"
version = "0.9.8"
source = "registry+https://github.com/rust-lang/crates.io-index"
checksum = "6980e8d7511241f8acf4aebddbb1ff938df5eebe98691418c4468d0b72a96a67"

[[package]]
name = "spin"
version = "0.10.0"
source = "registry+https://github.com/rust-lang/crates.io-index"
checksum = "d5fe4ccb98d9c292d56fec89a5e07da7fc4cf0dc11e156b41793132775d3e591"
dependencies = [
 "lock_api",
]

[[package]]
name = "spinning_top"
version = "0.2.5"
source = "registry+https://github.com/rust-lang/crates.io-index"
checksum = "5b9eb1a2f4c41445a3a0ff9abc5221c5fcd28e1f13cd7c0397706f9ac938ddb0"
dependencies = [
 "lock_api",
]

[[package]]
name = "stable_deref_trait"
version = "1.2.1"
source = "registry+https://github.com/rust-lang/crates.io-index"
checksum = "6ce2be8dc25455e1f91df71bfa12ad37d7af1092ae736f3a6cd0e37bc7810596"

[[package]]
name = "syn"
version = "2.0.117"
source = "registry+https://github.com/rust-lang/crates.io-index"
checksum = "e665b8803e7b1d2a727f4023456bbbbe74da67099c585258af0ad9c5013b9b99"
dependencies = [
 "proc-macro2",
 "quote",
 "unicode-ident",
]

[[package]]
name = "thiserror"
version = "2.0.18"
source = "registry+https://github.com/rust-lang/crates.io-index"
checksum = "4288b5bcbc7920c07a1149a35cf9590a2aa808e0bc1eafaade0b80947865fbc4"
dependencies = [
 "thiserror-impl",
]

[[package]]
name = "thiserror-impl"
version = "2.0.18"
source = "registry+https://github.com/rust-lang/crates.io-index"
checksum = "ebc4ee7f67670e9b64d05fa4253e753e016c6c95ff35b89b7941d6b856dec1d5"
dependencies = [
 "proc-macro2",
 "quote",
 "syn",
]

[[package]]
name = "unicode-ident"
version = "1.0.24"
source = "registry+https://github.com/rust-lang/crates.io-index"
checksum = "e6e4313cd5fcd3dad5cafa179702e2b244f760991f45397d14d4ebf38247da75"

[[package]]
name = "virtio-drivers"
version = "0.12.0"
source = "registry+https://github.com/rust-lang/crates.io-index"
checksum = "a7a6012590bf8cc11f57abb1b5a8470e2366353bf352386b48650a87b5538204"
dependencies = [
 "bitflags 2.11.1",
 "embedded-io",
 "enumn",
 "log",
 "safe-mmio",
 "thiserror",
 "zerocopy",
]

[[package]]
name = "wateros"
version = "0.1.0"
dependencies = [
 "wateros-abi",
 "wateros-base",
 "wateros-base-config",
 "wateros-cred",
 "wateros-driver",
 "wateros-fs",
 "wateros-ipc",
 "wateros-klog",
 "wateros-mm",
 "wateros-platform",
 "wateros-platform-arch-api-v0",
 "wateros-pseudo-shell",
 "wateros-runtime",
 "wateros-syscall",
 "wateros-task",
 "wateros-utils",
 "wateros-vfs",
]

[[package]]
name = "wateros-abi"
version = "0.1.0"
dependencies = [
 "wateros-abi-api-v0",
 "wateros-abi-impl-dummy",
 "wateros-abi-impl-linux-generic64",
 "wateros-base-config",
]

[[package]]
name = "wateros-abi-api-v0"
version = "0.1.0"
dependencies = [
 "wateros-base-config",
]

[[package]]
name = "wateros-abi-impl-dummy"
version = "0.1.0"
dependencies = [
 "wateros-abi-api-v0",
]

[[package]]
name = "wateros-abi-impl-linux-generic64"
version = "0.1.0"
dependencies = [
 "wateros-abi-api-v0",
]

[[package]]
name = "wateros-base"
version = "0.1.0"

[[package]]
name = "wateros-base-config"
version = "0.1.0"

[[package]]
name = "wateros-cred"
version = "0.1.0"
dependencies = [
 "wateros-cred-api-v0",
 "wateros-cred-impl-root",
 "wateros-task",
]

[[package]]
name = "wateros-cred-api-v0"
version = "0.1.0"

[[package]]
name = "wateros-cred-impl-root"
version = "0.1.0"
dependencies = [
 "wateros-base",
 "wateros-cred-api-v0",
]

[[package]]
name = "wateros-driver"
version = "0.1.0"
dependencies = [
 "log",
 "wateros-base-config",
 "wateros-driver-api-v0",
 "wateros-driver-block",
 "wateros-driver-character",
 "wateros-driver-impl-dummy",
 "wateros-driver-impl-qemu-loongarch64-virt",
 "wateros-driver-impl-qemu-riscv64-opensbi",
 "wateros-driver-network",
]

[[package]]
name = "wateros-driver-api-v0"
version = "0.1.0"
dependencies = [
 "log",
]

[[package]]
name = "wateros-driver-block"
version = "0.1.0"
dependencies = [
 "log",
 "wateros-driver-api-v0",
 "wateros-driver-block-api-v0",
 "wateros-driver-block-impl-dummy",
 "wateros-driver-block-impl-virtio-mmio",
 "wateros-driver-block-impl-virtio-pci",
]

[[package]]
name = "wateros-driver-block-api-v0"
version = "0.1.0"
dependencies = [
 "spin 0.10.0",
 "wateros-driver-api-v0",
 "wateros-runtime-logging",
]

[[package]]
name = "wateros-driver-block-impl-dummy"
version = "0.1.0"
dependencies = [
 "wateros-driver-block-api-v0",
]

[[package]]
name = "wateros-driver-block-impl-virtio-mmio"
version = "0.1.0"
dependencies = [
 "spin 0.10.0",
 "virtio-drivers",
 "wateros-driver-api-v0",
 "wateros-driver-block-api-v0",
 "wateros-mm-api-v0",
 "wateros-mm-frame-alloctor",
 "wateros-runtime-logging",
]

[[package]]
name = "wateros-driver-block-impl-virtio-pci"
version = "0.1.0"
dependencies = [
 "virtio-drivers",
 "wateros-driver-api-v0",
 "wateros-driver-block-api-v0",
 "wateros-mm-api-v0",
 "wateros-mm-frame-alloctor",
 "wateros-runtime-logging",
]

[[package]]
name = "wateros-driver-character"
version = "0.1.0"
dependencies = [
 "wateros-driver-api-v0",
 "wateros-driver-character-api-v0",
 "wateros-driver-character-impl-dummy",
 "wateros-driver-character-impl-null-stub",
 "wateros-driver-character-impl-rtc-stub",
]

[[package]]
name = "wateros-driver-character-api-v0"
version = "0.1.0"
dependencies = [
 "spin 0.10.0",
 "wateros-driver-api-v0",
]

[[package]]
name = "wateros-driver-character-impl-dummy"
version = "0.1.0"
dependencies = [
 "wateros-driver-character-api-v0",
]

[[package]]
name = "wateros-driver-character-impl-null-stub"
version = "0.1.0"
dependencies = [
 "spin 0.10.0",
 "wateros-driver-api-v0",
 "wateros-driver-character-api-v0",
]

[[package]]
name = "wateros-driver-character-impl-rtc-stub"
version = "0.1.0"
dependencies = [
 "spin 0.10.0",
 "wateros-driver-api-v0",
 "wateros-driver-character-api-v0",
]

[[package]]
name = "wateros-driver-impl-dummy"
version = "0.1.0"
dependencies = [
 "wateros-driver-api-v0",
]

[[package]]
name = "wateros-driver-impl-qemu-loongarch64-virt"
version = "0.1.0"
dependencies = [
 "fdt",
 "log",
 "spin 0.10.0",
 "wateros-base-config",
 "wateros-driver-api-v0",
 "wateros-driver-block",
 "wateros-driver-character",
 "wateros-driver-character-api-v0",
 "wateros-driver-network",
 "wateros-fs",
]

[[package]]
name = "wateros-driver-impl-qemu-riscv64-opensbi"
version = "0.1.0"
dependencies = [
 "fdt",
 "log",
 "spin 0.10.0",
 "wateros-base-config",
 "wateros-driver-api-v0",
 "wateros-driver-block",
 "wateros-driver-character",
 "wateros-driver-character-api-v0",
 "wateros-driver-network",
 "wateros-fs",
]

[[package]]
name = "wateros-driver-network"
version = "0.1.0"
dependencies = [
 "log",
 "smoltcp",
 "spin 0.10.0",
 "wateros-driver-api-v0",
 "wateros-driver-network-api-v0",
 "wateros-driver-network-impl-dummy",
 "wateros-driver-network-impl-smoltcp",
 "wateros-driver-network-impl-virtio-mmio",
 "wateros-driver-network-impl-virtio-pci",
 "wateros-vfs-api-v0",
]

[[package]]
name = "wateros-driver-network-api-v0"
version = "0.1.0"
dependencies = [
 "spin 0.10.0",
 "wateros-driver-api-v0",
 "wateros-runtime-logging",
]

[[package]]
name = "wateros-driver-network-impl-dummy"
version = "0.1.0"
dependencies = [
 "spin 0.10.0",
 "wateros-driver-network-api-v0",
]

[[package]]
name = "wateros-driver-network-impl-smoltcp"
version = "0.1.0"
dependencies = [
 "log",
 "smoltcp",
 "wateros-driver-network-api-v0",
]

[[package]]
name = "wateros-driver-network-impl-virtio-mmio"
version = "0.1.0"
dependencies = [
 "spin 0.10.0",
 "virtio-drivers",
 "wateros-driver-api-v0",
 "wateros-driver-network-api-v0",
 "wateros-mm-api-v0",
 "wateros-mm-frame-alloctor",
 "wateros-runtime-logging",
]

[[package]]
name = "wateros-driver-network-impl-virtio-pci"
version = "0.1.0"
dependencies = [
 "virtio-drivers",
 "wateros-driver-api-v0",
 "wateros-driver-network-api-v0",
 "wateros-mm-api-v0",
 "wateros-mm-frame-alloctor",
 "wateros-runtime-logging",
]

[[package]]
name = "wateros-fs"
version = "0.1.0"
dependencies = [
 "spin 0.10.0",
 "wateros-fs-api-v0",
 "wateros-fs-devfs",
 "wateros-fs-impl-devfs",
 "wateros-fs-impl-dummy",
 "wateros-fs-impl-ext4",
 "wateros-fs-procfs",
 "wateros-fs-rootfs",
 "wateros-runtime-logging",
]

[[package]]
name = "wateros-fs-api-v0"
version = "0.1.0"
dependencies = [
 "spin 0.10.0",
 "wateros-driver-block-api-v0",
 "wateros-runtime-logging",
]

[[package]]
name = "wateros-fs-devfs"
version = "0.1.0"
dependencies = [
 "wateros-fs-devfs-api-v0",
 "wateros-fs-devfs-impl-dummy",
 "wateros-fs-devfs-impl-kernel",
]

[[package]]
name = "wateros-fs-devfs-api-v0"
version = "0.1.0"
dependencies = [
 "wateros-driver-block-api-v0",
 "wateros-driver-character-api-v0",
 "wateros-fs-api-v0",
]

[[package]]
name = "wateros-fs-devfs-impl-dummy"
version = "0.1.0"
dependencies = [
 "wateros-driver-block-api-v0",
 "wateros-driver-character-api-v0",
 "wateros-fs-api-v0",
 "wateros-fs-devfs-api-v0",
]

[[package]]
name = "wateros-fs-devfs-impl-kernel"
version = "0.1.0"
dependencies = [
 "spin 0.10.0",
 "wateros-driver-block-api-v0",
 "wateros-driver-character-api-v0",
 "wateros-fs-api-v0",
 "wateros-fs-devfs-api-v0",
 "wateros-runtime-logging",
]

[[package]]
name = "wateros-fs-impl-devfs"
version = "0.1.0"
dependencies = [
 "spin 0.10.0",
 "wateros-driver-block-api-v0",
 "wateros-fs-api-v0",
 "wateros-runtime-logging",
]

[[package]]
name = "wateros-fs-impl-dummy"
version = "0.1.0"
dependencies = [
 "wateros-fs-api-v0",
]

[[package]]
name = "wateros-fs-impl-ext4"
version = "0.1.0"
dependencies = [
 "ext4plus",
 "spin 0.10.0",
 "wateros-base-config",
 "wateros-driver-block-api-v0",
 "wateros-fs-api-v0",
 "wateros-runtime-logging",
]

[[package]]
name = "wateros-fs-procfs"
version = "0.1.0"
dependencies = [
 "wateros-fs-procfs-api-v0",
 "wateros-fs-procfs-impl-dummy",
 "wateros-fs-procfs-impl-kernel",
]

[[package]]
name = "wateros-fs-procfs-api-v0"
version = "0.1.0"
dependencies = [
 "wateros-fs-api-v0",
]

[[package]]
name = "wateros-fs-procfs-impl-dummy"
version = "0.1.0"
dependencies = [
 "wateros-fs-procfs-api-v0",
]

[[package]]
name = "wateros-fs-procfs-impl-kernel"
version = "0.1.0"
dependencies = [
 "spin 0.10.0",
 "wateros-cred",
 "wateros-driver-block-api-v0",
 "wateros-fs-api-v0",
 "wateros-fs-procfs-api-v0",
 "wateros-mm-frame-alloctor",
 "wateros-runtime-logging",
 "wateros-task",
]

[[package]]
name = "wateros-fs-rootfs"
version = "0.1.0"
dependencies = [
 "wateros-fs-rootfs-api-v0",
 "wateros-fs-rootfs-impl-dummy",
 "wateros-fs-rootfs-impl-kernel",
]

[[package]]
name = "wateros-fs-rootfs-api-v0"
version = "0.1.0"
dependencies = [
 "wateros-fs-api-v0",
]

[[package]]
name = "wateros-fs-rootfs-impl-dummy"
version = "0.1.0"
dependencies = [
 "wateros-fs-api-v0",
 "wateros-fs-rootfs-api-v0",
]

[[package]]
name = "wateros-fs-rootfs-impl-kernel"
version = "0.1.0"
dependencies = [
 "spin 0.10.0",
 "wateros-fs-api-v0",
 "wateros-fs-devfs",
 "wateros-fs-rootfs-api-v0",
 "wateros-runtime-logging",
]

[[package]]
name = "wateros-ipc"
version = "0.1.0"
dependencies = [
 "ipc-futex",
 "ipc-pipe",
 "ipc-shm",
 "ipc-signal",
 "ipc-waitqueue",
 "wateros-ipc-api-v0",
 "wateros-ipc-impl-dummy",
]

[[package]]
name = "wateros-ipc-api-v0"
version = "0.1.0"

[[package]]
name = "wateros-ipc-futex-api-v0"
version = "0.1.0"
dependencies = [
 "wateros-task-api-v0",
]

[[package]]
name = "wateros-ipc-futex-impl-dummy"
version = "0.1.0"
dependencies = [
 "wateros-ipc-futex-api-v0",
 "wateros-task-api-v0",
]

[[package]]
name = "wateros-ipc-futex-impl-task"
version = "0.1.0"
dependencies = [
 "ipc-waitqueue",
 "spin 0.10.0",
 "wateros-ipc-futex-api-v0",
 "wateros-task-api-v0",
]

[[package]]
name = "wateros-ipc-impl-dummy"
version = "0.1.0"
dependencies = [
 "wateros-ipc-api-v0",
]

[[package]]
name = "wateros-ipc-pipe-api-v0"
version = "0.1.0"
dependencies = [
 "wateros-base-config",
]

[[package]]
name = "wateros-ipc-pipe-impl-ringbuf"
version = "0.1.0"
dependencies = [
 "ipc-waitqueue",
 "wateros-base",
 "wateros-ipc-pipe-api-v0",
]

[[package]]
name = "wateros-ipc-signal-api-v0"
version = "0.1.0"

[[package]]
name = "wateros-ipc-signal-impl-dummy"
version = "0.1.0"
dependencies = [
 "wateros-ipc-signal-api-v0",
]

[[package]]
name = "wateros-ipc-waitqueue-api-v0"
version = "0.1.0"
dependencies = [
 "wateros-task-api-v0",
]

[[package]]
name = "wateros-ipc-waitqueue-impl-task"
version = "0.1.0"
dependencies = [
 "wateros-ipc-waitqueue-api-v0",
 "wateros-task",
]

[[package]]
name = "wateros-klog"
version = "0.1.0"
dependencies = [
 "wateros-klog-api-v0",
 "wateros-klog-impl-ringbuf",
 "wateros-platform",
 "wateros-task",
]

[[package]]
name = "wateros-klog-api-v0"
version = "0.1.0"
dependencies = [
 "wateros-base-config",
]

[[package]]
name = "wateros-klog-impl-ringbuf"
version = "0.1.0"
dependencies = [
 "spin 0.10.0",
 "wateros-base-config",
 "wateros-klog-api-v0",
]

[[package]]
name = "wateros-mm"
version = "0.1.0"
dependencies = [
 "log",
 "wateros-base",
 "wateros-mm-api-v0",
 "wateros-mm-frame-alloctor",
 "wateros-mm-impl-common",
 "wateros-mm-impl-dummy",
 "wateros-mm-impl-loongarch64",
 "wateros-mm-impl-sv39",
]

[[package]]
name = "wateros-mm-api-v0"
version = "0.1.0"
dependencies = [
 "log",
 "wateros-mm-frame-alloctor-api-v0",
]

[[package]]
name = "wateros-mm-frame-alloctor"
version = "0.1.0"
dependencies = [
 "log",
 "wateros-base",
 "wateros-mm-frame-alloctor-api-v0",
 "wateros-mm-frame-alloctor-impl-dummy",
 "wateros-mm-frame-alloctor-impl-stack",
]

[[package]]
name = "wateros-mm-frame-alloctor-api-v0"
version = "0.1.0"

[[package]]
name = "wateros-mm-frame-alloctor-impl-dummy"
version = "0.1.0"

[[package]]
name = "wateros-mm-frame-alloctor-impl-stack"
version = "0.1.0"
dependencies = [
 "log",
 "wateros-base",
 "wateros-mm-api-v0",
 "wateros-mm-frame-alloctor-api-v0",
]

[[package]]
name = "wateros-mm-impl-common"
version = "0.1.0"
dependencies = [
 "wateros-mm-api-v0",
 "wateros-runtime",
]

[[package]]
name = "wateros-mm-impl-dummy"
version = "0.1.0"
dependencies = [
 "wateros-mm-api-v0",
]

[[package]]
name = "wateros-mm-impl-loongarch64"
version = "0.1.0"
dependencies = [
 "log",
 "wateros-base",
 "wateros-base-config",
 "wateros-fs",
 "wateros-mm-api-v0",
 "wateros-mm-frame-alloctor",
 "wateros-mm-impl-common",
 "wateros-platform",
 "wateros-runtime",
 "wateros-vfs",
]

[[package]]
name = "wateros-mm-impl-sv39"
version = "0.1.0"
dependencies = [
 "log",
 "wateros-base",
 "wateros-base-config",
 "wateros-fs",
 "wateros-mm-api-v0",
 "wateros-mm-frame-alloctor",
 "wateros-mm-impl-common",
 "wateros-platform",
 "wateros-runtime",
 "wateros-vfs",
]

[[package]]
name = "wateros-platform"
version = "0.1.0"
dependencies = [
 "log",
 "wateros-platform-api-v0",
 "wateros-platform-arch",
 "wateros-platform-impl-dummy",
 "wateros-platform-impl-qemu-loongarch64-virt",
 "wateros-platform-impl-qemu-riscv64-opensbi",
]

[[package]]
name = "wateros-platform-api-v0"
version = "0.1.0"

[[package]]
name = "wateros-platform-arch"
version = "0.1.0"
dependencies = [
 "wateros-platform-arch-api-v0",
 "wateros-platform-arch-impl-dummy",
 "wateros-platform-arch-impl-loongarch64",
 "wateros-platform-arch-impl-riscv64",
]

[[package]]
name = "wateros-platform-arch-api-v0"
version = "0.1.0"
dependencies = [
 "wateros-abi",
]

[[package]]
name = "wateros-platform-arch-impl-dummy"
version = "0.1.0"
dependencies = [
 "wateros-platform-arch-api-v0",
]

[[package]]
name = "wateros-platform-arch-impl-loongarch64"
version = "0.1.0"
dependencies = [
 "wateros-abi",
 "wateros-platform-arch-api-v0",
]

[[package]]
name = "wateros-platform-arch-impl-riscv64"
version = "0.1.0"
dependencies = [
 "riscv",
 "wateros-abi",
 "wateros-platform-arch-api-v0",
]

[[package]]
name = "wateros-platform-impl-dummy"
version = "0.1.0"
dependencies = [
 "wateros-platform-api-v0",
]

[[package]]
name = "wateros-platform-impl-qemu-loongarch64-virt"
version = "0.1.0"
dependencies = [
 "wateros-platform-api-v0",
]

[[package]]
name = "wateros-platform-impl-qemu-riscv64-opensbi"
version = "0.1.0"
dependencies = [
 "sbi-rt",
 "wateros-base",
 "wateros-platform-api-v0",
]

[[package]]
name = "wateros-pseudo-shell"
version = "0.1.0"
dependencies = [
 "wateros-cred",
 "wateros-mm",
 "wateros-runtime-serial",
 "wateros-task",
 "wateros-vfs",
]

[[package]]
name = "wateros-runtime"
version = "0.1.0"
dependencies = [
 "wateros-runtime-console",
 "wateros-runtime-heap-allocator",
 "wateros-runtime-logging",
 "wateros-runtime-panic",
]

[[package]]
name = "wateros-runtime-console"
version = "0.1.0"
dependencies = [
 "wateros-runtime-console-api-v0",
 "wateros-runtime-console-impl-platform-console",
]

[[package]]
name = "wateros-runtime-console-api-v0"
version = "0.1.0"

[[package]]
name = "wateros-runtime-console-impl-platform-console"
version = "0.1.0"
dependencies = [
 "wateros-platform",
 "wateros-runtime-console-api-v0",
]

[[package]]
name = "wateros-runtime-heap-allocator"
version = "0.1.0"
dependencies = [
 "linked_list_allocator",
 "wateros-base-config",
 "wateros-platform-arch",
]

[[package]]
name = "wateros-runtime-logging"
version = "0.1.0"
dependencies = [
 "log",
 "wateros-runtime-console",
]

[[package]]
name = "wateros-runtime-panic"
version = "0.1.0"
dependencies = [
 "wateros-platform",
 "wateros-runtime-console",
]

[[package]]
name = "wateros-runtime-serial"
version = "0.1.0"
dependencies = [
 "wateros-driver",
 "wateros-driver-character-api-v0",
]

[[package]]
name = "wateros-syscall"
version = "0.1.0"
dependencies = [
 "wateros-abi",
 "wateros-syscall-api-v0",
 "wateros-syscall-impl-kernel",
]

[[package]]
name = "wateros-syscall-api-v0"
version = "0.1.0"
dependencies = [
 "wateros-abi",
]

[[package]]
name = "wateros-syscall-impl-kernel"
version = "0.1.0"
dependencies = [
 "log",
 "smoltcp",
 "spin 0.10.0",
 "wateros-abi",
 "wateros-base-config",
 "wateros-cred",
 "wateros-driver",
 "wateros-driver-network",
 "wateros-ipc",
 "wateros-klog",
 "wateros-mm",
 "wateros-platform",
 "wateros-platform-arch-api-v0",
 "wateros-syscall-api-v0",
 "wateros-task",
 "wateros-vfs",
]

[[package]]
name = "wateros-task"
version = "0.1.0"
dependencies = [
 "wateros-mm-api-v0",
 "wateros-platform-arch",
 "wateros-task-api-v0",
 "wateros-task-impl-core",
 "wateros-task-scheduler",
]

[[package]]
name = "wateros-task-api-v0"
version = "0.1.0"

[[package]]
name = "wateros-task-impl-core"
version = "0.1.0"
dependencies = [
 "wateros-abi",
 "wateros-base",
 "wateros-mm-api-v0",
 "wateros-platform-arch",
 "wateros-task-api-v0",
]

[[package]]
name = "wateros-task-scheduler"
version = "0.1.0"
dependencies = [
 "wateros-platform-arch",
 "wateros-task-api-v0",
 "wateros-task-scheduler-api-v0",
 "wateros-task-scheduler-impl-multi-class",
]

[[package]]
name = "wateros-task-scheduler-api-v0"
version = "0.1.0"
dependencies = [
 "log",
 "wateros-platform-arch",
 "wateros-task-api-v0",
 "wateros-task-impl-core",
]

[[package]]
name = "wateros-task-scheduler-impl-multi-class"
version = "0.1.0"
dependencies = [
 "log",
 "wateros-base",
 "wateros-base-config",
 "wateros-platform-arch",
 "wateros-task-api-v0",
 "wateros-task-scheduler-api-v0",
]

[[package]]
name = "wateros-utils"
version = "0.1.0"

[[package]]
name = "wateros-vfs"
version = "0.1.0"
dependencies = [
 "log",
 "wateros-base",
 "wateros-fs",
 "wateros-task",
 "wateros-vfs-api-v0",
 "wateros-vfs-impl-dummy",
 "wateros-vfs-impl-fd-session",
 "wateros-vfs-impl-fs-bridge",
]

[[package]]
name = "wateros-vfs-api-v0"
version = "0.1.0"

[[package]]
name = "wateros-vfs-impl-dummy"
version = "0.1.0"
dependencies = [
 "wateros-vfs-api-v0",
]

[[package]]
name = "wateros-vfs-impl-fd-session"
version = "0.1.0"
dependencies = [
 "wateros-base",
 "wateros-driver-api-v0",
 "wateros-driver-character-api-v0",
 "wateros-ipc",
 "wateros-runtime-console",
 "wateros-task",
 "wateros-vfs-api-v0",
]

[[package]]
name = "wateros-vfs-impl-fs-bridge"
version = "0.1.0"
dependencies = [
 "log",
 "spin 0.9.8",
 "wateros-base-config",
 "wateros-fs",
 "wateros-vfs-api-v0",
 "wateros-vfs-impl-fd-session",
 "wateros-vfs-impl-page-cache",
]

[[package]]
name = "wateros-vfs-impl-page-cache"
version = "0.1.0"
dependencies = [
 "log",
 "spin 0.10.0",
 "wateros-base-config",
]

[[package]]
name = "zerocopy"
version = "0.8.48"
source = "registry+https://github.com/rust-lang/crates.io-index"
checksum = "eed437bf9d6692032087e337407a86f04cd8d6a16a37199ed57949d415bd68e9"
dependencies = [
 "zerocopy-derive",
]

[[package]]
name = "zerocopy-derive"
version = "0.8.48"
source = "registry+https://github.com/rust-lang/crates.io-index"
checksum = "70e3cd084b1788766f53af483dd21f93881ff30d7320490ec3ef7526d203bad4"
dependencies = [
 "proc-macro2",
 "quote",
 "syn",
]
